
Microsoft Visual Studio Solution File, Format Version 12.00
# Visual Studio Version 17
VisualStudioVersion = 17.9.34723.18
MinimumVisualStudioVersion = 10.0.40219.1
Project("{FAE04EC0-301F-11D3-BF4B-00C04F79EFBC}") = "Klinika.Server", "Klinika.Server\Klinika.Server.csproj", "{08D09445-B088-4E20-B679-730038FB416A}"
EndProject
Project("{54A90642-561A-4BB1-A94E-469ADEE60C69}") = "klinika.client", "klinika.client\klinika.client.esproj", "{666E5329-F936-40ED-8E33-301E8E32DF70}"
EndProject
Global
	GlobalSection(SolutionConfigurationPlatforms) = preSolution
		Debug|Any CPU = Debug|Any CPU
		Release|Any CPU = Release|Any CPU
	EndGlobalSection
	GlobalSection(ProjectConfigurationPlatforms) = postSolution
		{08D09445-B088-4E20-B679-730038FB416A}.Debug|Any CPU.ActiveCfg = Debug|Any CPU
		{08D09445-B088-4E20-B679-730038FB416A}.Debug|Any CPU.Build.0 = Debug|Any CPU
		{08D09445-B088-4E20-B679-730038FB416A}.Release|Any CPU.ActiveCfg = Release|Any CPU
		{08D09445-B088-4E20-B679-730038FB416A}.Release|Any CPU.Build.0 = Release|Any CPU
		{666E5329-F936-40ED-8E33-301E8E32DF70}.Debug|Any CPU.ActiveCfg = Debug|Any CPU
		{666E5329-F936-40ED-8E33-301E8E32DF70}.Debug|Any CPU.Build.0 = Debug|Any CPU
		{666E5329-F936-40ED-8E33-301E8E32DF70}.Debug|Any CPU.Deploy.0 = Debug|Any CPU
		{666E5329-F936-40ED-8E33-301E8E32DF70}.Release|Any CPU.ActiveCfg = Release|Any CPU
		{666E5329-F936-40ED-8E33-301E8E32DF70}.Release|Any CPU.Build.0 = Release|Any CPU
		{666E5329-F936-40ED-8E33-301E8E32DF70}.Release|Any CPU.Deploy.0 = Release|Any CPU
	EndGlobalSection
	GlobalSection(SolutionProperties) = preSolution
		HideSolutionNode = FALSE
	EndGlobalSection
	GlobalSection(ExtensibilityGlobals) = postSolution
		SolutionGuid = {ECA3FFA3-FC8C-4C09-A1DC-DF5FEF4D1247}
	EndGlobalSection
EndGlobal
